
Microsoft Visual Studio Solution File, Format Version 12.00
# Visual Studio Version 17
VisualStudioVersion = 17.0.31903.59
MinimumVisualStudioVersion = 10.0.40219.1
Project("{2150E333-8FDC-42A3-9474-1A3956D46DE8}") = "WebAPI", "WebAPI", "{6EDC7094-E22D-CF10-605B-B42C7FB8B0A8}"
EndProject
Project("{FAE04EC0-301F-11D3-BF4B-00C04F79EFBC}") = "HospitalManagementSystem.WebAPI", "WebAPI\HospitalManagementSystem.WebAPI.csproj", "{5739B7C7-E209-479A-B7F0-8344EA7AC7DA}"
EndProject
Project("{2150E333-8FDC-42A3-9474-1A3956D46DE8}") = "WebApp", "WebApp", "{7E50A06F-A38B-7BE7-1137-409223B8AEF0}"
EndProject
Project("{FAE04EC0-301F-11D3-BF4B-00C04F79EFBC}") = "HospitalManagementSystem.WebApp", "WebApp\HospitalManagementSystem.WebApp.csproj", "{32E09CB4-EC79-4164-9290-55747697DB9C}"
EndProject
Project("{2150E333-8FDC-42A3-9474-1A3956D46DE8}") = "Domain", "Domain", "{996CEBED-A05B-5D42-3FF0-982E087A2599}"
EndProject
Project("{FAE04EC0-301F-11D3-BF4B-00C04F79EFBC}") = "HospitalManagementSystem.Domain", "Domain\HospitalManagementSystem.Domain.csproj", "{7E49AB9C-68E1-4E43-A03D-9F838F004D46}"
EndProject
Project("{2150E333-8FDC-42A3-9474-1A3956D46DE8}") = "Application", "Application", "{A74F262E-BDE7-D5D2-89E9-785413424D0A}"
EndProject
Project("{FAE04EC0-301F-11D3-BF4B-00C04F79EFBC}") = "HospitalManagementSystem.Application", "Application\HospitalManagementSystem.Application.csproj", "{41766477-342F-41A1-AA01-FE51C59FA8B9}"
EndProject
Project("{2150E333-8FDC-42A3-9474-1A3956D46DE8}") = "Infrastructure", "Infrastructure", "{DFEE68D8-A7D0-1A41-506C-9B74AA9A7B7B}"
EndProject
Project("{FAE04EC0-301F-11D3-BF4B-00C04F79EFBC}") = "HospitalManagementSystem.Infrastructure", "Infrastructure\HospitalManagementSystem.Infrastructure.csproj", "{4DC7EC27-F270-480F-BF67-6D9FB2A4186E}"
EndProject
Project("{2150E333-8FDC-42A3-9474-1A3956D46DE8}") = "Tests", "Tests", "{0AB3BF05-4346-4AA6-1389-037BE0695223}"
EndProject
Project("{2150E333-8FDC-42A3-9474-1A3956D46DE8}") = "UnitTests", "UnitTests", "{394A81D9-3C45-9818-BB26-23F2B85056FF}"
EndProject
Project("{FAE04EC0-301F-11D3-BF4B-00C04F79EFBC}") = "HospitalManagementSystem.UnitTests", "Tests\UnitTests\HospitalManagementSystem.UnitTests\HospitalManagementSystem.UnitTests.csproj", "{366076EC-B83B-4AF4-85C2-AE67968B9F8E}"
EndProject
Project("{2150E333-8FDC-42A3-9474-1A3956D46DE8}") = "IntegrationTests", "IntegrationTests", "{30785934-E017-5D9F-2777-3D61460A5281}"
EndProject
Project("{FAE04EC0-301F-11D3-BF4B-00C04F79EFBC}") = "HospitalManagementSystem.IntegrationTests", "Tests\IntegrationTests\HospitalManagementSystem.IntegrationTests\HospitalManagementSystem.IntegrationTests.csproj", "{EEC06E5C-9BB2-4AF2-ADD1-01DD7E752E26}"
EndProject
Project("{2150E333-8FDC-42A3-9474-1A3956D46DE8}") = "FunctionalTests", "FunctionalTests", "{08C9E1BB-0988-BD0B-E94F-1E38E0DB7406}"
EndProject
Project("{FAE04EC0-301F-11D3-BF4B-00C04F79EFBC}") = "HospitalManagementSystem.FunctionalTests", "Tests\FunctionalTests\HospitalManagementSystem.FunctionalTests\HospitalManagementSystem.FunctionalTests.csproj", "{608230C6-B19F-4807-913F-84FACA1E0F1A}"
EndProject
Project("{FAE04EC0-301F-11D3-BF4B-00C04F79EFBC}") = "AppHost", "AppHost\AppHost.csproj", "{106602F6-82D7-44DB-808F-0746DE5B676D}"
EndProject
Global
	GlobalSection(SolutionConfigurationPlatforms) = preSolution
		Debug|Any CPU = Debug|Any CPU
		Debug|x64 = Debug|x64
		Debug|x86 = Debug|x86
		Release|Any CPU = Release|Any CPU
		Release|x64 = Release|x64
		Release|x86 = Release|x86
	EndGlobalSection
	GlobalSection(ProjectConfigurationPlatforms) = postSolution
		{5739B7C7-E209-479A-B7F0-8344EA7AC7DA}.Debug|Any CPU.ActiveCfg = Debug|Any CPU
		{5739B7C7-E209-479A-B7F0-8344EA7AC7DA}.Debug|Any CPU.Build.0 = Debug|Any CPU
		{5739B7C7-E209-479A-B7F0-8344EA7AC7DA}.Debug|x64.ActiveCfg = Debug|Any CPU
		{5739B7C7-E209-479A-B7F0-8344EA7AC7DA}.Debug|x64.Build.0 = Debug|Any CPU
		{5739B7C7-E209-479A-B7F0-8344EA7AC7DA}.Debug|x86.ActiveCfg = Debug|Any CPU
		{5739B7C7-E209-479A-B7F0-8344EA7AC7DA}.Debug|x86.Build.0 = Debug|Any CPU
		{5739B7C7-E209-479A-B7F0-8344EA7AC7DA}.Release|Any CPU.ActiveCfg = Release|Any CPU
		{5739B7C7-E209-479A-B7F0-8344EA7AC7DA}.Release|Any CPU.Build.0 = Release|Any CPU
		{5739B7C7-E209-479A-B7F0-8344EA7AC7DA}.Release|x64.ActiveCfg = Release|Any CPU
		{5739B7C7-E209-479A-B7F0-8344EA7AC7DA}.Release|x64.Build.0 = Release|Any CPU
		{5739B7C7-E209-479A-B7F0-8344EA7AC7DA}.Release|x86.ActiveCfg = Release|Any CPU
		{5739B7C7-E209-479A-B7F0-8344EA7AC7DA}.Release|x86.Build.0 = Release|Any CPU
		{32E09CB4-EC79-4164-9290-55747697DB9C}.Debug|Any CPU.ActiveCfg = Debug|Any CPU
		{32E09CB4-EC79-4164-9290-55747697DB9C}.Debug|Any CPU.Build.0 = Debug|Any CPU
		{32E09CB4-EC79-4164-9290-55747697DB9C}.Debug|x64.ActiveCfg = Debug|Any CPU
		{32E09CB4-EC79-4164-9290-55747697DB9C}.Debug|x64.Build.0 = Debug|Any CPU
		{32E09CB4-EC79-4164-9290-55747697DB9C}.Debug|x86.ActiveCfg = Debug|Any CPU
		{32E09CB4-EC79-4164-9290-55747697DB9C}.Debug|x86.Build.0 = Debug|Any CPU
		{32E09CB4-EC79-4164-9290-55747697DB9C}.Release|Any CPU.ActiveCfg = Release|Any CPU
		{32E09CB4-EC79-4164-9290-55747697DB9C}.Release|Any CPU.Build.0 = Release|Any CPU
		{32E09CB4-EC79-4164-9290-55747697DB9C}.Release|x64.ActiveCfg = Release|Any CPU
		{32E09CB4-EC79-4164-9290-55747697DB9C}.Release|x64.Build.0 = Release|Any CPU
		{32E09CB4-EC79-4164-9290-55747697DB9C}.Release|x86.ActiveCfg = Release|Any CPU
		{32E09CB4-EC79-4164-9290-55747697DB9C}.Release|x86.Build.0 = Release|Any CPU
		{7E49AB9C-68E1-4E43-A03D-9F838F004D46}.Debug|Any CPU.ActiveCfg = Debug|Any CPU
		{7E49AB9C-68E1-4E43-A03D-9F838F004D46}.Debug|Any CPU.Build.0 = Debug|Any CPU
		{7E49AB9C-68E1-4E43-A03D-9F838F004D46}.Debug|x64.ActiveCfg = Debug|Any CPU
		{7E49AB9C-68E1-4E43-A03D-9F838F004D46}.Debug|x64.Build.0 = Debug|Any CPU
		{7E49AB9C-68E1-4E43-A03D-9F838F004D46}.Debug|x86.ActiveCfg = Debug|Any CPU
		{7E49AB9C-68E1-4E43-A03D-9F838F004D46}.Debug|x86.Build.0 = Debug|Any CPU
		{7E49AB9C-68E1-4E43-A03D-9F838F004D46}.Release|Any CPU.ActiveCfg = Release|Any CPU
		{7E49AB9C-68E1-4E43-A03D-9F838F004D46}.Release|Any CPU.Build.0 = Release|Any CPU
		{7E49AB9C-68E1-4E43-A03D-9F838F004D46}.Release|x64.ActiveCfg = Release|Any CPU
		{7E49AB9C-68E1-4E43-A03D-9F838F004D46}.Release|x64.Build.0 = Release|Any CPU
		{7E49AB9C-68E1-4E43-A03D-9F838F004D46}.Release|x86.ActiveCfg = Release|Any CPU
		{7E49AB9C-68E1-4E43-A03D-9F838F004D46}.Release|x86.Build.0 = Release|Any CPU
		{41766477-342F-41A1-AA01-FE51C59FA8B9}.Debug|Any CPU.ActiveCfg = Debug|Any CPU
		{41766477-342F-41A1-AA01-FE51C59FA8B9}.Debug|Any CPU.Build.0 = Debug|Any CPU
		{41766477-342F-41A1-AA01-FE51C59FA8B9}.Debug|x64.ActiveCfg = Debug|Any CPU
		{41766477-342F-41A1-AA01-FE51C59FA8B9}.Debug|x64.Build.0 = Debug|Any CPU
		{41766477-342F-41A1-AA01-FE51C59FA8B9}.Debug|x86.ActiveCfg = Debug|Any CPU
		{41766477-342F-41A1-AA01-FE51C59FA8B9}.Debug|x86.Build.0 = Debug|Any CPU
		{41766477-342F-41A1-AA01-FE51C59FA8B9}.Release|Any CPU.ActiveCfg = Release|Any CPU
		{41766477-342F-41A1-AA01-FE51C59FA8B9}.Release|Any CPU.Build.0 = Release|Any CPU
		{41766477-342F-41A1-AA01-FE51C59FA8B9}.Release|x64.ActiveCfg = Release|Any CPU
		{41766477-342F-41A1-AA01-FE51C59FA8B9}.Release|x64.Build.0 = Release|Any CPU
		{41766477-342F-41A1-AA01-FE51C59FA8B9}.Release|x86.ActiveCfg = Release|Any CPU
		{41766477-342F-41A1-AA01-FE51C59FA8B9}.Release|x86.Build.0 = Release|Any CPU
		{4DC7EC27-F270-480F-BF67-6D9FB2A4186E}.Debug|Any CPU.ActiveCfg = Debug|Any CPU
		{4DC7EC27-F270-480F-BF67-6D9FB2A4186E}.Debug|Any CPU.Build.0 = Debug|Any CPU
		{4DC7EC27-F270-480F-BF67-6D9FB2A4186E}.Debug|x64.ActiveCfg = Debug|Any CPU
		{4DC7EC27-F270-480F-BF67-6D9FB2A4186E}.Debug|x64.Build.0 = Debug|Any CPU
		{4DC7EC27-F270-480F-BF67-6D9FB2A4186E}.Debug|x86.ActiveCfg = Debug|Any CPU
		{4DC7EC27-F270-480F-BF67-6D9FB2A4186E}.Debug|x86.Build.0 = Debug|Any CPU
		{4DC7EC27-F270-480F-BF67-6D9FB2A4186E}.Release|Any CPU.ActiveCfg = Release|Any CPU
		{4DC7EC27-F270-480F-BF67-6D9FB2A4186E}.Release|Any CPU.Build.0 = Release|Any CPU
		{4DC7EC27-F270-480F-BF67-6D9FB2A4186E}.Release|x64.ActiveCfg = Release|Any CPU
		{4DC7EC27-F270-480F-BF67-6D9FB2A4186E}.Release|x64.Build.0 = Release|Any CPU
		{4DC7EC27-F270-480F-BF67-6D9FB2A4186E}.Release|x86.ActiveCfg = Release|Any CPU
		{4DC7EC27-F270-480F-BF67-6D9FB2A4186E}.Release|x86.Build.0 = Release|Any CPU
		{366076EC-B83B-4AF4-85C2-AE67968B9F8E}.Debug|Any CPU.ActiveCfg = Debug|Any CPU
		{366076EC-B83B-4AF4-85C2-AE67968B9F8E}.Debug|Any CPU.Build.0 = Debug|Any CPU
		{366076EC-B83B-4AF4-85C2-AE67968B9F8E}.Debug|x64.ActiveCfg = Debug|Any CPU
		{366076EC-B83B-4AF4-85C2-AE67968B9F8E}.Debug|x64.Build.0 = Debug|Any CPU
		{366076EC-B83B-4AF4-85C2-AE67968B9F8E}.Debug|x86.ActiveCfg = Debug|Any CPU
		{366076EC-B83B-4AF4-85C2-AE67968B9F8E}.Debug|x86.Build.0 = Debug|Any CPU
		{366076EC-B83B-4AF4-85C2-AE67968B9F8E}.Release|Any CPU.ActiveCfg = Release|Any CPU
		{366076EC-B83B-4AF4-85C2-AE67968B9F8E}.Release|Any CPU.Build.0 = Release|Any CPU
		{366076EC-B83B-4AF4-85C2-AE67968B9F8E}.Release|x64.ActiveCfg = Release|Any CPU
		{366076EC-B83B-4AF4-85C2-AE67968B9F8E}.Release|x64.Build.0 = Release|Any CPU
		{366076EC-B83B-4AF4-85C2-AE67968B9F8E}.Release|x86.ActiveCfg = Release|Any CPU
		{366076EC-B83B-4AF4-85C2-AE67968B9F8E}.Release|x86.Build.0 = Release|Any CPU
		{EEC06E5C-9BB2-4AF2-ADD1-01DD7E752E26}.Debug|Any CPU.ActiveCfg = Debug|Any CPU
		{EEC06E5C-9BB2-4AF2-ADD1-01DD7E752E26}.Debug|Any CPU.Build.0 = Debug|Any CPU
		{EEC06E5C-9BB2-4AF2-ADD1-01DD7E752E26}.Debug|x64.ActiveCfg = Debug|Any CPU
		{EEC06E5C-9BB2-4AF2-ADD1-01DD7E752E26}.Debug|x64.Build.0 = Debug|Any CPU
		{EEC06E5C-9BB2-4AF2-ADD1-01DD7E752E26}.Debug|x86.ActiveCfg = Debug|Any CPU
		{EEC06E5C-9BB2-4AF2-ADD1-01DD7E752E26}.Debug|x86.Build.0 = Debug|Any CPU
		{EEC06E5C-9BB2-4AF2-ADD1-01DD7E752E26}.Release|Any CPU.ActiveCfg = Release|Any CPU
		{EEC06E5C-9BB2-4AF2-ADD1-01DD7E752E26}.Release|Any CPU.Build.0 = Release|Any CPU
		{EEC06E5C-9BB2-4AF2-ADD1-01DD7E752E26}.Release|x64.ActiveCfg = Release|Any CPU
		{EEC06E5C-9BB2-4AF2-ADD1-01DD7E752E26}.Release|x64.Build.0 = Release|Any CPU
		{EEC06E5C-9BB2-4AF2-ADD1-01DD7E752E26}.Release|x86.ActiveCfg = Release|Any CPU
		{EEC06E5C-9BB2-4AF2-ADD1-01DD7E752E26}.Release|x86.Build.0 = Release|Any CPU
		{608230C6-B19F-4807-913F-84FACA1E0F1A}.Debug|Any CPU.ActiveCfg = Debug|Any CPU
		{608230C6-B19F-4807-913F-84FACA1E0F1A}.Debug|Any CPU.Build.0 = Debug|Any CPU
		{608230C6-B19F-4807-913F-84FACA1E0F1A}.Debug|x64.ActiveCfg = Debug|Any CPU
		{608230C6-B19F-4807-913F-84FACA1E0F1A}.Debug|x64.Build.0 = Debug|Any CPU
		{608230C6-B19F-4807-913F-84FACA1E0F1A}.Debug|x86.ActiveCfg = Debug|Any CPU
		{608230C6-B19F-4807-913F-84FACA1E0F1A}.Debug|x86.Build.0 = Debug|Any CPU
		{608230C6-B19F-4807-913F-84FACA1E0F1A}.Release|Any CPU.ActiveCfg = Release|Any CPU
		{608230C6-B19F-4807-913F-84FACA1E0F1A}.Release|Any CPU.Build.0 = Release|Any CPU
		{608230C6-B19F-4807-913F-84FACA1E0F1A}.Release|x64.ActiveCfg = Release|Any CPU
		{608230C6-B19F-4807-913F-84FACA1E0F1A}.Release|x64.Build.0 = Release|Any CPU
		{608230C6-B19F-4807-913F-84FACA1E0F1A}.Release|x86.ActiveCfg = Release|Any CPU
		{608230C6-B19F-4807-913F-84FACA1E0F1A}.Release|x86.Build.0 = Release|Any CPU
		{106602F6-82D7-44DB-808F-0746DE5B676D}.Debug|Any CPU.ActiveCfg = Debug|Any CPU
		{106602F6-82D7-44DB-808F-0746DE5B676D}.Debug|Any CPU.Build.0 = Debug|Any CPU
		{106602F6-82D7-44DB-808F-0746DE5B676D}.Debug|x64.ActiveCfg = Debug|Any CPU
		{106602F6-82D7-44DB-808F-0746DE5B676D}.Debug|x64.Build.0 = Debug|Any CPU
		{106602F6-82D7-44DB-808F-0746DE5B676D}.Debug|x86.ActiveCfg = Debug|Any CPU
		{106602F6-82D7-44DB-808F-0746DE5B676D}.Debug|x86.Build.0 = Debug|Any CPU
		{106602F6-82D7-44DB-808F-0746DE5B676D}.Release|Any CPU.ActiveCfg = Release|Any CPU
		{106602F6-82D7-44DB-808F-0746DE5B676D}.Release|Any CPU.Build.0 = Release|Any CPU
		{106602F6-82D7-44DB-808F-0746DE5B676D}.Release|x64.ActiveCfg = Release|Any CPU
		{106602F6-82D7-44DB-808F-0746DE5B676D}.Release|x64.Build.0 = Release|Any CPU
		{106602F6-82D7-44DB-808F-0746DE5B676D}.Release|x86.ActiveCfg = Release|Any CPU
		{106602F6-82D7-44DB-808F-0746DE5B676D}.Release|x86.Build.0 = Release|Any CPU
	EndGlobalSection
	GlobalSection(SolutionProperties) = preSolution
		HideSolutionNode = FALSE
	EndGlobalSection
	GlobalSection(NestedProjects) = preSolution
		{5739B7C7-E209-479A-B7F0-8344EA7AC7DA} = {6EDC7094-E22D-CF10-605B-B42C7FB8B0A8}
		{32E09CB4-EC79-4164-9290-55747697DB9C} = {7E50A06F-A38B-7BE7-1137-409223B8AEF0}
		{7E49AB9C-68E1-4E43-A03D-9F838F004D46} = {996CEBED-A05B-5D42-3FF0-982E087A2599}
		{41766477-342F-41A1-AA01-FE51C59FA8B9} = {A74F262E-BDE7-D5D2-89E9-785413424D0A}
		{4DC7EC27-F270-480F-BF67-6D9FB2A4186E} = {DFEE68D8-A7D0-1A41-506C-9B74AA9A7B7B}
		{394A81D9-3C45-9818-BB26-23F2B85056FF} = {0AB3BF05-4346-4AA6-1389-037BE0695223}
		{366076EC-B83B-4AF4-85C2-AE67968B9F8E} = {394A81D9-3C45-9818-BB26-23F2B85056FF}
		{30785934-E017-5D9F-2777-3D61460A5281} = {0AB3BF05-4346-4AA6-1389-037BE0695223}
		{EEC06E5C-9BB2-4AF2-ADD1-01DD7E752E26} = {30785934-E017-5D9F-2777-3D61460A5281}
		{08C9E1BB-0988-BD0B-E94F-1E38E0DB7406} = {0AB3BF05-4346-4AA6-1389-037BE0695223}
		{608230C6-B19F-4807-913F-84FACA1E0F1A} = {08C9E1BB-0988-BD0B-E94F-1E38E0DB7406}
	EndGlobalSection
	GlobalSection(ExtensibilityGlobals) = postSolution
		SolutionGuid = {3C365D35-CB64-4F5A-840B-74DD6BA9E33D}
	EndGlobalSection
EndGlobal
